
Microsoft Visual Studio Solution File, Format Version 12.00
# Visual Studio 15
VisualStudioVersion = 15.0.28010.2026
MinimumVisualStudioVersion = 10.0.40219.1
Project("{FAE04EC0-301F-11D3-BF4B-00C04F79EFBC}") = "csHelloWorld", "csHelloWorld\csHelloWorld.csproj", "{5FDD927A-1713-43B5-8C89-1A8BEAEC7C7A}"
EndProject
Project("{FAE04EC0-301F-11D3-BF4B-00C04F79EFBC}") = "csVarsAndDataTypes", "csVarsAndDataTypes\csVarsAndDataTypes.csproj", "{E0F29DEF-B61C-421F-AA8A-3E80929418BD}"
EndProject
Project("{FAE04EC0-301F-11D3-BF4B-00C04F79EFBC}") = "csOperatorsLab", "csOperatorsLab\csOperatorsLab.csproj", "{AAF13DC5-948F-44FD-B8BD-8778902A3427}"
EndProject
Project("{FAE04EC0-301F-11D3-BF4B-00C04F79EFBC}") = "IncomeComparisonLab", "IncomeComparisonLab\IncomeComparisonLab.csproj", "{6CD71F27-B532-4354-8C35-327F17FDF8F2}"
EndProject
Project("{FAE04EC0-301F-11D3-BF4B-00C04F79EFBC}") = "BooleanLogicLab", "BooleanLogicLab\BooleanLogicLab.csproj", "{B736689F-E645-4236-8393-909A88C96893}"
EndProject
Project("{FAE04EC0-301F-11D3-BF4B-00C04F79EFBC}") = "BranchingLab", "BranchingLab\BranchingLab.csproj", "{99B920E6-A083-467D-B9FD-0E9EA6BD3707}"
EndProject
Project("{FAE04EC0-301F-11D3-BF4B-00C04F79EFBC}") = "LoopsLab", "LoopsLab\LoopsLab.csproj", "{5A055CBB-5D2D-4E2E-BB8E-A4CCD8F6FF24}"
EndProject
Project("{FAE04EC0-301F-11D3-BF4B-00C04F79EFBC}") = "StringsLab", "StringsLab\StringsLab.csproj", "{C6A2F72C-04ED-4C93-8D2D-8A97C2DBC26C}"
EndProject
Project("{FAE04EC0-301F-11D3-BF4B-00C04F79EFBC}") = "1DArrayLab", "1DArrayLab\1DArrayLab.csproj", "{22A50357-E2C7-4127-9084-96C6554D4FD4}"
EndProject
Project("{FAE04EC0-301F-11D3-BF4B-00C04F79EFBC}") = "LoopsListsLab", "LoopsListsLab\LoopsListsLab.csproj", "{9CE11E42-3169-428A-9BFA-6B225FC304BE}"
EndProject
Project("{FAE04EC0-301F-11D3-BF4B-00C04F79EFBC}") = "ExceptionsLab", "ExceptionsLab\ExceptionsLab.csproj", "{3350BB8B-7CE2-413A-90CA-ADB488FB1D99}"
EndProject
Project("{FAE04EC0-301F-11D3-BF4B-00C04F79EFBC}") = "ClassesLab111", "ClassesLab111\ClassesLab111.csproj", "{3F065A83-EDDF-4414-98C2-86DA1FA6BEB9}"
EndProject
Project("{FAE04EC0-301F-11D3-BF4B-00C04F79EFBC}") = "ClassesLab113", "ClassesLab113\ClassesLab113.csproj", "{9BE1D65D-2711-4A37-BBA2-B93ABDD90D88}"
EndProject
Project("{FAE04EC0-301F-11D3-BF4B-00C04F79EFBC}") = "ClassesLab114", "ClassesLab114\ClassesLab114.csproj", "{ACE0B225-DF3D-4E88-8C57-1361ADA57CE4}"
EndProject
Project("{FAE04EC0-301F-11D3-BF4B-00C04F79EFBC}") = "ClassesLab115", "ClassesLabStep115\ClassesLab115.csproj", "{734DC6D7-6AAB-46A4-857E-E3A3AF259B57}"
EndProject
Global
	GlobalSection(SolutionConfigurationPlatforms) = preSolution
		Debug|Any CPU = Debug|Any CPU
		Release|Any CPU = Release|Any CPU
	EndGlobalSection
	GlobalSection(ProjectConfigurationPlatforms) = postSolution
		{5FDD927A-1713-43B5-8C89-1A8BEAEC7C7A}.Debug|Any CPU.ActiveCfg = Debug|Any CPU
		{5FDD927A-1713-43B5-8C89-1A8BEAEC7C7A}.Debug|Any CPU.Build.0 = Debug|Any CPU
		{5FDD927A-1713-43B5-8C89-1A8BEAEC7C7A}.Release|Any CPU.ActiveCfg = Release|Any CPU
		{5FDD927A-1713-43B5-8C89-1A8BEAEC7C7A}.Release|Any CPU.Build.0 = Release|Any CPU
		{E0F29DEF-B61C-421F-AA8A-3E80929418BD}.Debug|Any CPU.ActiveCfg = Debug|Any CPU
		{E0F29DEF-B61C-421F-AA8A-3E80929418BD}.Debug|Any CPU.Build.0 = Debug|Any CPU
		{E0F29DEF-B61C-421F-AA8A-3E80929418BD}.Release|Any CPU.ActiveCfg = Release|Any CPU
		{E0F29DEF-B61C-421F-AA8A-3E80929418BD}.Release|Any CPU.Build.0 = Release|Any CPU
		{AAF13DC5-948F-44FD-B8BD-8778902A3427}.Debug|Any CPU.ActiveCfg = Debug|Any CPU
		{AAF13DC5-948F-44FD-B8BD-8778902A3427}.Debug|Any CPU.Build.0 = Debug|Any CPU
		{AAF13DC5-948F-44FD-B8BD-8778902A3427}.Release|Any CPU.ActiveCfg = Release|Any CPU
		{AAF13DC5-948F-44FD-B8BD-8778902A3427}.Release|Any CPU.Build.0 = Release|Any CPU
		{6CD71F27-B532-4354-8C35-327F17FDF8F2}.Debug|Any CPU.ActiveCfg = Debug|Any CPU
		{6CD71F27-B532-4354-8C35-327F17FDF8F2}.Debug|Any CPU.Build.0 = Debug|Any CPU
		{6CD71F27-B532-4354-8C35-327F17FDF8F2}.Release|Any CPU.ActiveCfg = Release|Any CPU
		{6CD71F27-B532-4354-8C35-327F17FDF8F2}.Release|Any CPU.Build.0 = Release|Any CPU
		{B736689F-E645-4236-8393-909A88C96893}.Debug|Any CPU.ActiveCfg = Debug|Any CPU
		{B736689F-E645-4236-8393-909A88C96893}.Debug|Any CPU.Build.0 = Debug|Any CPU
		{B736689F-E645-4236-8393-909A88C96893}.Release|Any CPU.ActiveCfg = Release|Any CPU
		{B736689F-E645-4236-8393-909A88C96893}.Release|Any CPU.Build.0 = Release|Any CPU
		{99B920E6-A083-467D-B9FD-0E9EA6BD3707}.Debug|Any CPU.ActiveCfg = Debug|Any CPU
		{99B920E6-A083-467D-B9FD-0E9EA6BD3707}.Debug|Any CPU.Build.0 = Debug|Any CPU
		{99B920E6-A083-467D-B9FD-0E9EA6BD3707}.Release|Any CPU.ActiveCfg = Release|Any CPU
		{99B920E6-A083-467D-B9FD-0E9EA6BD3707}.Release|Any CPU.Build.0 = Release|Any CPU
		{5A055CBB-5D2D-4E2E-BB8E-A4CCD8F6FF24}.Debug|Any CPU.ActiveCfg = Debug|Any CPU
		{5A055CBB-5D2D-4E2E-BB8E-A4CCD8F6FF24}.Debug|Any CPU.Build.0 = Debug|Any CPU
		{5A055CBB-5D2D-4E2E-BB8E-A4CCD8F6FF24}.Release|Any CPU.ActiveCfg = Release|Any CPU
		{5A055CBB-5D2D-4E2E-BB8E-A4CCD8F6FF24}.Release|Any CPU.Build.0 = Release|Any CPU
		{C6A2F72C-04ED-4C93-8D2D-8A97C2DBC26C}.Debug|Any CPU.ActiveCfg = Debug|Any CPU
		{C6A2F72C-04ED-4C93-8D2D-8A97C2DBC26C}.Debug|Any CPU.Build.0 = Debug|Any CPU
		{C6A2F72C-04ED-4C93-8D2D-8A97C2DBC26C}.Release|Any CPU.ActiveCfg = Release|Any CPU
		{C6A2F72C-04ED-4C93-8D2D-8A97C2DBC26C}.Release|Any CPU.Build.0 = Release|Any CPU
		{22A50357-E2C7-4127-9084-96C6554D4FD4}.Debug|Any CPU.ActiveCfg = Debug|Any CPU
		{22A50357-E2C7-4127-9084-96C6554D4FD4}.Debug|Any CPU.Build.0 = Debug|Any CPU
		{22A50357-E2C7-4127-9084-96C6554D4FD4}.Release|Any CPU.ActiveCfg = Release|Any CPU
		{22A50357-E2C7-4127-9084-96C6554D4FD4}.Release|Any CPU.Build.0 = Release|Any CPU
		{9CE11E42-3169-428A-9BFA-6B225FC304BE}.Debug|Any CPU.ActiveCfg = Debug|Any CPU
		{9CE11E42-3169-428A-9BFA-6B225FC304BE}.Debug|Any CPU.Build.0 = Debug|Any CPU
		{9CE11E42-3169-428A-9BFA-6B225FC304BE}.Release|Any CPU.ActiveCfg = Release|Any CPU
		{9CE11E42-3169-428A-9BFA-6B225FC304BE}.Release|Any CPU.Build.0 = Release|Any CPU
		{3350BB8B-7CE2-413A-90CA-ADB488FB1D99}.Debug|Any CPU.ActiveCfg = Debug|Any CPU
		{3350BB8B-7CE2-413A-90CA-ADB488FB1D99}.Debug|Any CPU.Build.0 = Debug|Any CPU
		{3350BB8B-7CE2-413A-90CA-ADB488FB1D99}.Release|Any CPU.ActiveCfg = Release|Any CPU
		{3350BB8B-7CE2-413A-90CA-ADB488FB1D99}.Release|Any CPU.Build.0 = Release|Any CPU
		{3F065A83-EDDF-4414-98C2-86DA1FA6BEB9}.Debug|Any CPU.ActiveCfg = Debug|Any CPU
		{3F065A83-EDDF-4414-98C2-86DA1FA6BEB9}.Debug|Any CPU.Build.0 = Debug|Any CPU
		{3F065A83-EDDF-4414-98C2-86DA1FA6BEB9}.Release|Any CPU.ActiveCfg = Release|Any CPU
		{3F065A83-EDDF-4414-98C2-86DA1FA6BEB9}.Release|Any CPU.Build.0 = Release|Any CPU
		{9BE1D65D-2711-4A37-BBA2-B93ABDD90D88}.Debug|Any CPU.ActiveCfg = Debug|Any CPU
		{9BE1D65D-2711-4A37-BBA2-B93ABDD90D88}.Debug|Any CPU.Build.0 = Debug|Any CPU
		{9BE1D65D-2711-4A37-BBA2-B93ABDD90D88}.Release|Any CPU.ActiveCfg = Release|Any CPU
		{9BE1D65D-2711-4A37-BBA2-B93ABDD90D88}.Release|Any CPU.Build.0 = Release|Any CPU
		{ACE0B225-DF3D-4E88-8C57-1361ADA57CE4}.Debug|Any CPU.ActiveCfg = Debug|Any CPU
		{ACE0B225-DF3D-4E88-8C57-1361ADA57CE4}.Debug|Any CPU.Build.0 = Debug|Any CPU
		{ACE0B225-DF3D-4E88-8C57-1361ADA57CE4}.Release|Any CPU.ActiveCfg = Release|Any CPU
		{ACE0B225-DF3D-4E88-8C57-1361ADA57CE4}.Release|Any CPU.Build.0 = Release|Any CPU
		{734DC6D7-6AAB-46A4-857E-E3A3AF259B57}.Debug|Any CPU.ActiveCfg = Debug|Any CPU
		{734DC6D7-6AAB-46A4-857E-E3A3AF259B57}.Debug|Any CPU.Build.0 = Debug|Any CPU
		{734DC6D7-6AAB-46A4-857E-E3A3AF259B57}.Release|Any CPU.ActiveCfg = Release|Any CPU
		{734DC6D7-6AAB-46A4-857E-E3A3AF259B57}.Release|Any CPU.Build.0 = Release|Any CPU
	EndGlobalSection
	GlobalSection(SolutionProperties) = preSolution
		HideSolutionNode = FALSE
	EndGlobalSection
	GlobalSection(ExtensibilityGlobals) = postSolution
		SolutionGuid = {1862448A-D316-4AF1-852E-A225DE7C4A65}
	EndGlobalSection
EndGlobal
